
Microsoft Visual Studio Solution File, Format Version 12.00
# Visual Studio Version 17
VisualStudioVersion = 17.1.32210.238
MinimumVisualStudioVersion = 10.0.40219.1
Project("{FAE04EC0-301F-11D3-BF4B-00C04F79EFBC}") = "AdminPortal", "AdminPortal\AdminPortal.csproj", "{0444F879-51F0-42D3-9942-3FFED01C30DC}"
EndProject
Global
	GlobalSection(SolutionConfigurationPlatforms) = preSolution
		Debug|Any CPU = Debug|Any CPU
		Release|Any CPU = Release|Any CPU
	EndGlobalSection
	GlobalSection(ProjectConfigurationPlatforms) = postSolution
		{0444F879-51F0-42D3-9942-3FFED01C30DC}.Debug|Any CPU.ActiveCfg = Debug|Any CPU
		{0444F879-51F0-42D3-9942-3FFED01C30DC}.Debug|Any CPU.Build.0 = Debug|Any CPU
		{0444F879-51F0-42D3-9942-3FFED01C30DC}.Release|Any CPU.ActiveCfg = Release|Any CPU
		{0444F879-51F0-42D3-9942-3FFED01C30DC}.Release|Any CPU.Build.0 = Release|Any CPU
	EndGlobalSection
	GlobalSection(SolutionProperties) = preSolution
		HideSolutionNode = FALSE
	EndGlobalSection
	GlobalSection(ExtensibilityGlobals) = postSolution
		SolutionGuid = {B2795876-7C65-45DD-B37F-A5E3736BA1EC}
	EndGlobalSection
EndGlobal
